
Microsoft Visual Studio Solution File, Format Version 12.00
# Visual Studio Version 17
VisualStudioVersion = 17.9.34622.214
MinimumVisualStudioVersion = 10.0.40219.1
Project("{9A19103F-16F7-4668-BE54-9A1E7A4F7556}") = "MyApplication", "MyApplication.csproj", "{BE257FBD-035F-4EC5-9258-B534F2FEDD73}"
EndProject
Global
	GlobalSection(SolutionConfigurationPlatforms) = preSolution
		Debug|Any CPU = Debug|Any CPU
		Release|Any CPU = Release|Any CPU
	EndGlobalSection
	GlobalSection(ProjectConfigurationPlatforms) = postSolution
		{BE257FBD-035F-4EC5-9258-B534F2FEDD73}.Debug|Any CPU.ActiveCfg = Debug|Any CPU
		{BE257FBD-035F-4EC5-9258-B534F2FEDD73}.Debug|Any CPU.Build.0 = Debug|Any CPU
		{BE257FBD-035F-4EC5-9258-B534F2FEDD73}.Release|Any CPU.ActiveCfg = Release|Any CPU
		{BE257FBD-035F-4EC5-9258-B534F2FEDD73}.Release|Any CPU.Build.0 = Release|Any CPU
	EndGlobalSection
	GlobalSection(SolutionProperties) = preSolution
		HideSolutionNode = FALSE
	EndGlobalSection
	GlobalSection(ExtensibilityGlobals) = postSolution
		SolutionGuid = {BEF46820-85D0-4A45-AA16-39188B1DA63D}
	EndGlobalSection
EndGlobal
